// !$*UTF8*$!
{
	archiveVersion = 1;
	classes = {
	};
	objectVersion = 55;
	objects = {

/* Begin PBXBuildFile section */
		233CB8F5A1D1B248C6EC92A1 /* Pods_SpaceXLaunches_SpaceXLaunchesUITests.framework in Frameworks */ = {isa = PBXBuildFile; fileRef = 937E2B83FC0E8A0D9733873A /* Pods_SpaceXLaunches_SpaceXLaunchesUITests.framework */; };
		5432C71E274849C70062856C /* GetImageService.swift in Sources */ = {isa = PBXBuildFile; fileRef = 5432C71D274849C70062856C /* GetImageService.swift */; };
		5432C7212748D2990062856C /* MockGetLaunchServiceResponse.swift in Sources */ = {isa = PBXBuildFile; fileRef = 5432C7202748D2980062856C /* MockGetLaunchServiceResponse.swift */; };
		5432C7232748D3270062856C /* MockGetRocketServiceRespone.swift in Sources */ = {isa = PBXBuildFile; fileRef = 5432C7222748D3270062856C /* MockGetRocketServiceRespone.swift */; };
		5432C7262748D3C90062856C /* Launch.swift in Sources */ = {isa = PBXBuildFile; fileRef = 5432C7252748D3C90062856C /* Launch.swift */; };
		54A9CCED2747A40200A3B65B /* LaunchViewModel.swift in Sources */ = {isa = PBXBuildFile; fileRef = 54A9CCEC2747A40200A3B65B /* LaunchViewModel.swift */; };
		54DBC9F027439BA60026CC0E /* AppDelegate.swift in Sources */ = {isa = PBXBuildFile; fileRef = 54DBC9EF27439BA60026CC0E /* AppDelegate.swift */; };
		54DBC9F227439BA60026CC0E /* SceneDelegate.swift in Sources */ = {isa = PBXBuildFile; fileRef = 54DBC9F127439BA60026CC0E /* SceneDelegate.swift */; };
		54DBC9F427439BA60026CC0E /* ViewController.swift in Sources */ = {isa = PBXBuildFile; fileRef = 54DBC9F327439BA60026CC0E /* ViewController.swift */; };
		54DBC9F727439BA60026CC0E /* Main.storyboard in Resources */ = {isa = PBXBuildFile; fileRef = 54DBC9F527439BA60026CC0E /* Main.storyboard */; };
		54DBC9F927439BA80026CC0E /* Assets.xcassets in Resources */ = {isa = PBXBuildFile; fileRef = 54DBC9F827439BA80026CC0E /* Assets.xcassets */; };
		54DBC9FC27439BA80026CC0E /* LaunchScreen.storyboard in Resources */ = {isa = PBXBuildFile; fileRef = 54DBC9FA27439BA80026CC0E /* LaunchScreen.storyboard */; };
		54DBCA0727439BA90026CC0E /* SpaceXLaunchesTests.swift in Sources */ = {isa = PBXBuildFile; fileRef = 54DBCA0627439BA90026CC0E /* SpaceXLaunchesTests.swift */; };
		54DBCA1127439BA90026CC0E /* SpaceXLaunchesUITests.swift in Sources */ = {isa = PBXBuildFile; fileRef = 54DBCA1027439BA90026CC0E /* SpaceXLaunchesUITests.swift */; };
		54DBCA1327439BA90026CC0E /* SpaceXLaunchesUITestsLaunchTests.swift in Sources */ = {isa = PBXBuildFile; fileRef = 54DBCA1227439BA90026CC0E /* SpaceXLaunchesUITestsLaunchTests.swift */; };
		54DBCA3B27439D200026CC0E /* Alertable.swift in Sources */ = {isa = PBXBuildFile; fileRef = 54DBCA3027439D200026CC0E /* Alertable.swift */; };
		54DBCA3C27439D200026CC0E /* StoryboardInstantiable.swift in Sources */ = {isa = PBXBuildFile; fileRef = 54DBCA3127439D200026CC0E /* StoryboardInstantiable.swift */; };
		54DBCA43274439AD0026CC0E /* LaunchesListVC.swift in Sources */ = {isa = PBXBuildFile; fileRef = 54DBCA40274439AD0026CC0E /* LaunchesListVC.swift */; };
		54DBCA44274439AD0026CC0E /* LaunchesListViewModel.swift in Sources */ = {isa = PBXBuildFile; fileRef = 54DBCA41274439AD0026CC0E /* LaunchesListViewModel.swift */; };
		54DBCA45274439AD0026CC0E /* LaunchesListVC.storyboard in Resources */ = {isa = PBXBuildFile; fileRef = 54DBCA42274439AD0026CC0E /* LaunchesListVC.storyboard */; };
		54DBCA4727443E4C0026CC0E /* LaunchTableViewCell.swift in Sources */ = {isa = PBXBuildFile; fileRef = 54DBCA4627443E4B0026CC0E /* LaunchTableViewCell.swift */; };
		54DBCA872744F2B20026CC0E /* GetLaunchesService.swift in Sources */ = {isa = PBXBuildFile; fileRef = 54DBCA852744F2B20026CC0E /* GetLaunchesService.swift */; };
		54DBCA882744F2B20026CC0E /* Endpoint.swift in Sources */ = {isa = PBXBuildFile; fileRef = 54DBCA862744F2B20026CC0E /* Endpoint.swift */; };
		54F4DEF32746C22500919F7C /* GetRocketService.swift in Sources */ = {isa = PBXBuildFile; fileRef = 54F4DEF22746C22500919F7C /* GetRocketService.swift */; };
		54F616CB27461E8700EEDD93 /* AppFlowCoordinator.swift in Sources */ = {isa = PBXBuildFile; fileRef = 54F616CA27461E8700EEDD93 /* AppFlowCoordinator.swift */; };
		54F616CD2746232600EEDD93 /* LaunchesSceneDIContainer.swift in Sources */ = {isa = PBXBuildFile; fileRef = 54F616CC2746232600EEDD93 /* LaunchesSceneDIContainer.swift */; };
		54F616CF2746234500EEDD93 /* LaunchesSceneFlowCoordinator.swift in Sources */ = {isa = PBXBuildFile; fileRef = 54F616CE2746234500EEDD93 /* LaunchesSceneFlowCoordinator.swift */; };
		54F616D1274623DB00EEDD93 /* AppDIContainer.swift in Sources */ = {isa = PBXBuildFile; fileRef = 54F616D0274623DB00EEDD93 /* AppDIContainer.swift */; };
		54F616D72746278900EEDD93 /* LaunchDetailsViewModel.swift in Sources */ = {isa = PBXBuildFile; fileRef = 54F616D42746278900EEDD93 /* LaunchDetailsViewModel.swift */; };
		54F616D82746278900EEDD93 /* LaunchDetailsVC.swift in Sources */ = {isa = PBXBuildFile; fileRef = 54F616D52746278900EEDD93 /* LaunchDetailsVC.swift */; };
		54F616D92746278900EEDD93 /* LaunchDetailsVC.storyboard in Resources */ = {isa = PBXBuildFile; fileRef = 54F616D62746278900EEDD93 /* LaunchDetailsVC.storyboard */; };
		54F616DE2746366900EEDD93 /* RocketViewModel.swift in Sources */ = {isa = PBXBuildFile; fileRef = 54F616DD2746366900EEDD93 /* RocketViewModel.swift */; };
		54F616E02746378100EEDD93 /* Rocket.swift in Sources */ = {isa = PBXBuildFile; fileRef = 54F616DF2746378100EEDD93 /* Rocket.swift */; };
		F5A973A15A429E64384D1833 /* Pods_SpaceXLaunchesTests.framework in Frameworks */ = {isa = PBXBuildFile; fileRef = AC7E6D9645E568AC528F2D44 /* Pods_SpaceXLaunchesTests.framework */; };
		F9604D611BFF7867D82BE6BF /* Pods_SpaceXLaunches.framework in Frameworks */ = {isa = PBXBuildFile; fileRef = DBC217DBC06DB0F635D389AA /* Pods_SpaceXLaunches.framework */; };
/* End PBXBuildFile section */

/* Begin PBXContainerItemProxy section */
		54DBCA0327439BA90026CC0E /* PBXContainerItemProxy */ = {
			isa = PBXContainerItemProxy;
			containerPortal = 54DBC9E427439BA50026CC0E /* Project object */;
			proxyType = 1;
			remoteGlobalIDString = 54DBC9EB27439BA50026CC0E;
			remoteInfo = SpaceXLaunches;
		};
		54DBCA0D27439BA90026CC0E /* PBXContainerItemProxy */ = {
			isa = PBXContainerItemProxy;
			containerPortal = 54DBC9E427439BA50026CC0E /* Project object */;
			proxyType = 1;
			remoteGlobalIDString = 54DBC9EB27439BA50026CC0E;
			remoteInfo = SpaceXLaunches;
		};
/* End PBXContainerItemProxy section */

/* Begin PBXFileReference section */
		228F79D33072BDEF3DF8E75F /* Pods-SpaceXLaunches-SpaceXLaunchesUITests.release.xcconfig */ = {isa = PBXFileReference; includeInIndex = 1; lastKnownFileType = text.xcconfig; name = "Pods-SpaceXLaunches-SpaceXLaunchesUITests.release.xcconfig"; path = "Target Support Files/Pods-SpaceXLaunches-SpaceXLaunchesUITests/Pods-SpaceXLaunches-SpaceXLaunchesUITests.release.xcconfig"; sourceTree = "<group>"; };
		3EAC10301D004BF061F8634B /* Pods-SpaceXLaunches-SpaceXLaunchesUITests.debug.xcconfig */ = {isa = PBXFileReference; includeInIndex = 1; lastKnownFileType = text.xcconfig; name = "Pods-SpaceXLaunches-SpaceXLaunchesUITests.debug.xcconfig"; path = "Target Support Files/Pods-SpaceXLaunches-SpaceXLaunchesUITests/Pods-SpaceXLaunches-SpaceXLaunchesUITests.debug.xcconfig"; sourceTree = "<group>"; };
		5432C71D274849C70062856C /* GetImageService.swift */ = {isa = PBXFileReference; lastKnownFileType = sourcecode.swift; path = GetImageService.swift; sourceTree = "<group>"; };
		5432C7202748D2980062856C /* MockGetLaunchServiceResponse.swift */ = {isa = PBXFileReference; lastKnownFileType = sourcecode.swift; path = MockGetLaunchServiceResponse.swift; sourceTree = "<group>"; };
		5432C7222748D3270062856C /* MockGetRocketServiceRespone.swift */ = {isa = PBXFileReference; lastKnownFileType = sourcecode.swift; path = MockGetRocketServiceRespone.swift; sourceTree = "<group>"; };
		5432C7252748D3C90062856C /* Launch.swift */ = {isa = PBXFileReference; lastKnownFileType = sourcecode.swift; path = Launch.swift; sourceTree = "<group>"; };
		54A9CCEC2747A40200A3B65B /* LaunchViewModel.swift */ = {isa = PBXFileReference; lastKnownFileType = sourcecode.swift; path = LaunchViewModel.swift; sourceTree = "<group>"; };
		54DBC9EC27439BA60026CC0E /* SpaceXLaunches.app */ = {isa = PBXFileReference; explicitFileType = wrapper.application; includeInIndex = 0; path = SpaceXLaunches.app; sourceTree = BUILT_PRODUCTS_DIR; };
		54DBC9EF27439BA60026CC0E /* AppDelegate.swift */ = {isa = PBXFileReference; lastKnownFileType = sourcecode.swift; path = AppDelegate.swift; sourceTree = "<group>"; };
		54DBC9F127439BA60026CC0E /* SceneDelegate.swift */ = {isa = PBXFileReference; lastKnownFileType = sourcecode.swift; path = SceneDelegate.swift; sourceTree = "<group>"; };
		54DBC9F327439BA60026CC0E /* ViewController.swift */ = {isa = PBXFileReference; lastKnownFileType = sourcecode.swift; path = ViewController.swift; sourceTree = "<group>"; };
		54DBC9F627439BA60026CC0E /* Base */ = {isa = PBXFileReference; lastKnownFileType = file.storyboard; name = Base; path = Base.lproj/Main.storyboard; sourceTree = "<group>"; };
		54DBC9F827439BA80026CC0E /* Assets.xcassets */ = {isa = PBXFileReference; lastKnownFileType = folder.assetcatalog; path = Assets.xcassets; sourceTree = "<group>"; };
		54DBC9FB27439BA80026CC0E /* Base */ = {isa = PBXFileReference; lastKnownFileType = file.storyboard; name = Base; path = Base.lproj/LaunchScreen.storyboard; sourceTree = "<group>"; };
		54DBC9FD27439BA80026CC0E /* Info.plist */ = {isa = PBXFileReference; lastKnownFileType = text.plist.xml; path = Info.plist; sourceTree = "<group>"; };
		54DBCA0227439BA90026CC0E /* SpaceXLaunchesTests.xctest */ = {isa = PBXFileReference; explicitFileType = wrapper.cfbundle; includeInIndex = 0; path = SpaceXLaunchesTests.xctest; sourceTree = BUILT_PRODUCTS_DIR; };
		54DBCA0627439BA90026CC0E /* SpaceXLaunchesTests.swift */ = {isa = PBXFileReference; lastKnownFileType = sourcecode.swift; path = SpaceXLaunchesTests.swift; sourceTree = "<group>"; };
		54DBCA0C27439BA90026CC0E /* SpaceXLaunchesUITests.xctest */ = {isa = PBXFileReference; explicitFileType = wrapper.cfbundle; includeInIndex = 0; path = SpaceXLaunchesUITests.xctest; sourceTree = BUILT_PRODUCTS_DIR; };
		54DBCA1027439BA90026CC0E /* SpaceXLaunchesUITests.swift */ = {isa = PBXFileReference; lastKnownFileType = sourcecode.swift; path = SpaceXLaunchesUITests.swift; sourceTree = "<group>"; };
		54DBCA1227439BA90026CC0E /* SpaceXLaunchesUITestsLaunchTests.swift */ = {isa = PBXFileReference; lastKnownFileType = sourcecode.swift; path = SpaceXLaunchesUITestsLaunchTests.swift; sourceTree = "<group>"; };
		54DBCA3027439D200026CC0E /* Alertable.swift */ = {isa = PBXFileReference; fileEncoding = 4; lastKnownFileType = sourcecode.swift; path = Alertable.swift; sourceTree = "<group>"; };
		54DBCA3127439D200026CC0E /* StoryboardInstantiable.swift */ = {isa = PBXFileReference; fileEncoding = 4; lastKnownFileType = sourcecode.swift; path = StoryboardInstantiable.swift; sourceTree = "<group>"; };
		54DBCA40274439AD0026CC0E /* LaunchesListVC.swift */ = {isa = PBXFileReference; lastKnownFileType = sourcecode.swift; path = LaunchesListVC.swift; sourceTree = "<group>"; };
		54DBCA41274439AD0026CC0E /* LaunchesListViewModel.swift */ = {isa = PBXFileReference; lastKnownFileType = sourcecode.swift; path = LaunchesListViewModel.swift; sourceTree = "<group>"; };
		54DBCA42274439AD0026CC0E /* LaunchesListVC.storyboard */ = {isa = PBXFileReference; lastKnownFileType = file.storyboard; path = LaunchesListVC.storyboard; sourceTree = "<group>"; };
		54DBCA4627443E4B0026CC0E /* LaunchTableViewCell.swift */ = {isa = PBXFileReference; lastKnownFileType = sourcecode.swift; path = LaunchTableViewCell.swift; sourceTree = "<group>"; };
		54DBCA852744F2B20026CC0E /* GetLaunchesService.swift */ = {isa = PBXFileReference; fileEncoding = 4; lastKnownFileType = sourcecode.swift; path = GetLaunchesService.swift; sourceTree = "<group>"; };
		54DBCA862744F2B20026CC0E /* Endpoint.swift */ = {isa = PBXFileReference; fileEncoding = 4; lastKnownFileType = sourcecode.swift; path = Endpoint.swift; sourceTree = "<group>"; };
		54F4DEF22746C22500919F7C /* GetRocketService.swift */ = {isa = PBXFileReference; lastKnownFileType = sourcecode.swift; path = GetRocketService.swift; sourceTree = "<group>"; };
		54F616CA27461E8700EEDD93 /* AppFlowCoordinator.swift */ = {isa = PBXFileReference; lastKnownFileType = sourcecode.swift; path = AppFlowCoordinator.swift; sourceTree = "<group>"; };
		54F616CC2746232600EEDD93 /* LaunchesSceneDIContainer.swift */ = {isa = PBXFileReference; lastKnownFileType = sourcecode.swift; path = LaunchesSceneDIContainer.swift; sourceTree = "<group>"; };
		54F616CE2746234500EEDD93 /* LaunchesSceneFlowCoordinator.swift */ = {isa = PBXFileReference; lastKnownFileType = sourcecode.swift; path = LaunchesSceneFlowCoordinator.swift; sourceTree = "<group>"; };
		54F616D0274623DB00EEDD93 /* AppDIContainer.swift */ = {isa = PBXFileReference; lastKnownFileType = sourcecode.swift; path = AppDIContainer.swift; sourceTree = "<group>"; };
		54F616D42746278900EEDD93 /* LaunchDetailsViewModel.swift */ = {isa = PBXFileReference; lastKnownFileType = sourcecode.swift; path = LaunchDetailsViewModel.swift; sourceTree = "<group>"; };
		54F616D52746278900EEDD93 /* LaunchDetailsVC.swift */ = {isa = PBXFileReference; lastKnownFileType = sourcecode.swift; path = LaunchDetailsVC.swift; sourceTree = "<group>"; };
		54F616D62746278900EEDD93 /* LaunchDetailsVC.storyboard */ = {isa = PBXFileReference; lastKnownFileType = file.storyboard; path = LaunchDetailsVC.storyboard; sourceTree = "<group>"; };
		54F616DD2746366900EEDD93 /* RocketViewModel.swift */ = {isa = PBXFileReference; lastKnownFileType = sourcecode.swift; path = RocketViewModel.swift; sourceTree = "<group>"; };
		54F616DF2746378100EEDD93 /* Rocket.swift */ = {isa = PBXFileReference; lastKnownFileType = sourcecode.swift; path = Rocket.swift; sourceTree = "<group>"; };
		801631F562A875ABB67D93B9 /* Pods-SpaceXLaunchesTests.release.xcconfig */ = {isa = PBXFileReference; includeInIndex = 1; lastKnownFileType = text.xcconfig; name = "Pods-SpaceXLaunchesTests.release.xcconfig"; path = "Target Support Files/Pods-SpaceXLaunchesTests/Pods-SpaceXLaunchesTests.release.xcconfig"; sourceTree = "<group>"; };
		937E2B83FC0E8A0D9733873A /* Pods_SpaceXLaunches_SpaceXLaunchesUITests.framework */ = {isa = PBXFileReference; explicitFileType = wrapper.framework; includeInIndex = 0; path = Pods_SpaceXLaunches_SpaceXLaunchesUITests.framework; sourceTree = BUILT_PRODUCTS_DIR; };
		96C4F7CD8001DFE037B28BE1 /* Pods-SpaceXLaunchesTests.debug.xcconfig */ = {isa = PBXFileReference; includeInIndex = 1; lastKnownFileType = text.xcconfig; name = "Pods-SpaceXLaunchesTests.debug.xcconfig"; path = "Target Support Files/Pods-SpaceXLaunchesTests/Pods-SpaceXLaunchesTests.debug.xcconfig"; sourceTree = "<group>"; };
		9B4C7FA05570627DE3E9A924 /* Pods-SpaceXLaunches.release.xcconfig */ = {isa = PBXFileReference; includeInIndex = 1; lastKnownFileType = text.xcconfig; name = "Pods-SpaceXLaunches.release.xcconfig"; path = "Target Support Files/Pods-SpaceXLaunches/Pods-SpaceXLaunches.release.xcconfig"; sourceTree = "<group>"; };
		AC7E6D9645E568AC528F2D44 /* Pods_SpaceXLaunchesTests.framework */ = {isa = PBXFileReference; explicitFileType = wrapper.framework; includeInIndex = 0; path = Pods_SpaceXLaunchesTests.framework; sourceTree = BUILT_PRODUCTS_DIR; };
		C9AD8C2BD4B1D9C39DDBB58A /* Pods-SpaceXLaunches.debug.xcconfig */ = {isa = PBXFileReference; includeInIndex = 1; lastKnownFileType = text.xcconfig; name = "Pods-SpaceXLaunches.debug.xcconfig"; path = "Target Support Files/Pods-SpaceXLaunches/Pods-SpaceXLaunches.debug.xcconfig"; sourceTree = "<group>"; };
		DBC217DBC06DB0F635D389AA /* Pods_SpaceXLaunches.framework */ = {isa = PBXFileReference; explicitFileType = wrapper.framework; includeInIndex = 0; path = Pods_SpaceXLaunches.framework; sourceTree = BUILT_PRODUCTS_DIR; };
/* End PBXFileReference section */

/* Begin PBXFrameworksBuildPhase section */
		54DBC9E927439BA50026CC0E /* Frameworks */ = {
			isa = PBXFrameworksBuildPhase;
			buildActionMask = 2147483647;
			files = (
				F9604D611BFF7867D82BE6BF /* Pods_SpaceXLaunches.framework in Frameworks */,
			);
			runOnlyForDeploymentPostprocessing = 0;
		};
		54DBC9FF27439BA90026CC0E /* Frameworks */ = {
			isa = PBXFrameworksBuildPhase;
			buildActionMask = 2147483647;
			files = (
				F5A973A15A429E64384D1833 /* Pods_SpaceXLaunchesTests.framework in Frameworks */,
			);
			runOnlyForDeploymentPostprocessing = 0;
		};
		54DBCA0927439BA90026CC0E /* Frameworks */ = {
			isa = PBXFrameworksBuildPhase;
			buildActionMask = 2147483647;
			files = (
				233CB8F5A1D1B248C6EC92A1 /* Pods_SpaceXLaunches_SpaceXLaunchesUITests.framework in Frameworks */,
			);
			runOnlyForDeploymentPostprocessing = 0;
		};
/* End PBXFrameworksBuildPhase section */

/* Begin PBXGroup section */
		5432C71F2748D2650062856C /* Mocks */ = {
			isa = PBXGroup;
			children = (
				5432C7202748D2980062856C /* MockGetLaunchServiceResponse.swift */,
				5432C7222748D3270062856C /* MockGetRocketServiceRespone.swift */,
			);
			path = Mocks;
			sourceTree = "<group>";
		};
		5432C7242748D3A70062856C /* Domain */ = {
			isa = PBXGroup;
			children = (
				5432C7252748D3C90062856C /* Launch.swift */,
				54F616DF2746378100EEDD93 /* Rocket.swift */,
			);
			path = Domain;
			sourceTree = "<group>";
		};
		54DBC9E327439BA50026CC0E = {
			isa = PBXGroup;
			children = (
				54DBC9EE27439BA60026CC0E /* SpaceXLaunches */,
				54DBCA0527439BA90026CC0E /* SpaceXLaunchesTests */,
				54DBCA0F27439BA90026CC0E /* SpaceXLaunchesUITests */,
				54DBC9ED27439BA60026CC0E /* Products */,
				5FA379ABEAA036995098C729 /* Pods */,
				C6299DC8C685F5B1C135053F /* Frameworks */,
			);
			sourceTree = "<group>";
		};
		54DBC9ED27439BA60026CC0E /* Products */ = {
			isa = PBXGroup;
			children = (
				54DBC9EC27439BA60026CC0E /* SpaceXLaunches.app */,
				54DBCA0227439BA90026CC0E /* SpaceXLaunchesTests.xctest */,
				54DBCA0C27439BA90026CC0E /* SpaceXLaunchesUITests.xctest */,
			);
			name = Products;
			sourceTree = "<group>";
		};
		54DBC9EE27439BA60026CC0E /* SpaceXLaunches */ = {
			isa = PBXGroup;
			children = (
				54DBC9EF27439BA60026CC0E /* AppDelegate.swift */,
				54DBC9F127439BA60026CC0E /* SceneDelegate.swift */,
				54F616D0274623DB00EEDD93 /* AppDIContainer.swift */,
				54F616CA27461E8700EEDD93 /* AppFlowCoordinator.swift */,
				5432C7242748D3A70062856C /* Domain */,
				54F616D2274623F700EEDD93 /* LaunchesScene */,
				54DBC9F327439BA60026CC0E /* ViewController.swift */,
				54DBCA842744F2B20026CC0E /* API */,
				54DBCA2527439D200026CC0E /* Utils */,
				54DBC9F527439BA60026CC0E /* Main.storyboard */,
				54DBC9F827439BA80026CC0E /* Assets.xcassets */,
				54DBC9FA27439BA80026CC0E /* LaunchScreen.storyboard */,
				54DBC9FD27439BA80026CC0E /* Info.plist */,
			);
			path = SpaceXLaunches;
			sourceTree = "<group>";
		};
		54DBCA0527439BA90026CC0E /* SpaceXLaunchesTests */ = {
			isa = PBXGroup;
			children = (
				54DBCA0627439BA90026CC0E /* SpaceXLaunchesTests.swift */,
			);
			path = SpaceXLaunchesTests;
			sourceTree = "<group>";
		};
		54DBCA0F27439BA90026CC0E /* SpaceXLaunchesUITests */ = {
			isa = PBXGroup;
			children = (
				54DBCA1027439BA90026CC0E /* SpaceXLaunchesUITests.swift */,
				54DBCA1227439BA90026CC0E /* SpaceXLaunchesUITestsLaunchTests.swift */,
			);
			path = SpaceXLaunchesUITests;
			sourceTree = "<group>";
		};
		54DBCA2527439D200026CC0E /* Utils */ = {
			isa = PBXGroup;
			children = (
				54DBCA2F27439D200026CC0E /* Protocols */,
			);
			path = Utils;
			sourceTree = "<group>";
		};
		54DBCA2F27439D200026CC0E /* Protocols */ = {
			isa = PBXGroup;
			children = (
				54DBCA3027439D200026CC0E /* Alertable.swift */,
				54DBCA3127439D200026CC0E /* StoryboardInstantiable.swift */,
			);
			path = Protocols;
			sourceTree = "<group>";
		};
		54DBCA842744F2B20026CC0E /* API */ = {
			isa = PBXGroup;
			children = (
				5432C71F2748D2650062856C /* Mocks */,
				54DBCA852744F2B20026CC0E /* GetLaunchesService.swift */,
				54F4DEF22746C22500919F7C /* GetRocketService.swift */,
				5432C71D274849C70062856C /* GetImageService.swift */,
				54DBCA862744F2B20026CC0E /* Endpoint.swift */,
			);
			path = API;
			sourceTree = "<group>";
		};
		54F616D2274623F700EEDD93 /* LaunchesScene */ = {
			isa = PBXGroup;
			children = (
				54F616CC2746232600EEDD93 /* LaunchesSceneDIContainer.swift */,
				54F616CE2746234500EEDD93 /* LaunchesSceneFlowCoordinator.swift */,
				54F616D32746245300EEDD93 /* LaunchesList */,
				54F616DA2746279B00EEDD93 /* LaunchDetails */,
			);
			path = LaunchesScene;
			sourceTree = "<group>";
		};
		54F616D32746245300EEDD93 /* LaunchesList */ = {
			isa = PBXGroup;
			children = (
				54DBCA42274439AD0026CC0E /* LaunchesListVC.storyboard */,
				54DBCA40274439AD0026CC0E /* LaunchesListVC.swift */,
				54DBCA4627443E4B0026CC0E /* LaunchTableViewCell.swift */,
				54DBCA41274439AD0026CC0E /* LaunchesListViewModel.swift */,
				54A9CCEC2747A40200A3B65B /* LaunchViewModel.swift */,
			);
			path = LaunchesList;
			sourceTree = "<group>";
		};
		54F616DA2746279B00EEDD93 /* LaunchDetails */ = {
			isa = PBXGroup;
			children = (
				54F616D62746278900EEDD93 /* LaunchDetailsVC.storyboard */,
				54F616D52746278900EEDD93 /* LaunchDetailsVC.swift */,
				54F616D42746278900EEDD93 /* LaunchDetailsViewModel.swift */,
				54F616DD2746366900EEDD93 /* RocketViewModel.swift */,
			);
			path = LaunchDetails;
			sourceTree = "<group>";
		};
		5FA379ABEAA036995098C729 /* Pods */ = {
			isa = PBXGroup;
			children = (
				C9AD8C2BD4B1D9C39DDBB58A /* Pods-SpaceXLaunches.debug.xcconfig */,
				9B4C7FA05570627DE3E9A924 /* Pods-SpaceXLaunches.release.xcconfig */,
				3EAC10301D004BF061F8634B /* Pods-SpaceXLaunches-SpaceXLaunchesUITests.debug.xcconfig */,
				228F79D33072BDEF3DF8E75F /* Pods-SpaceXLaunches-SpaceXLaunchesUITests.release.xcconfig */,
				96C4F7CD8001DFE037B28BE1 /* Pods-SpaceXLaunchesTests.debug.xcconfig */,
				801631F562A875ABB67D93B9 /* Pods-SpaceXLaunchesTests.release.xcconfig */,
			);
			path = Pods;
			sourceTree = "<group>";
		};
		C6299DC8C685F5B1C135053F /* Frameworks */ = {
			isa = PBXGroup;
			children = (
				DBC217DBC06DB0F635D389AA /* Pods_SpaceXLaunches.framework */,
				937E2B83FC0E8A0D9733873A /* Pods_SpaceXLaunches_SpaceXLaunchesUITests.framework */,
				AC7E6D9645E568AC528F2D44 /* Pods_SpaceXLaunchesTests.framework */,
			);
			name = Frameworks;
			sourceTree = "<group>";
		};
/* End PBXGroup section */

/* Begin PBXNativeTarget section */
		54DBC9EB27439BA50026CC0E /* SpaceXLaunches */ = {
			isa = PBXNativeTarget;
			buildConfigurationList = 54DBCA1627439BA90026CC0E /* Build configuration list for PBXNativeTarget "SpaceXLaunches" */;
			buildPhases = (
				066B788C916817E7952BC2CB /* [CP] Check Pods Manifest.lock */,
				54DBC9E827439BA50026CC0E /* Sources */,
				54DBC9E927439BA50026CC0E /* Frameworks */,
				54DBC9EA27439BA50026CC0E /* Resources */,
				87E80C658ECC941948BD15C3 /* [CP] Embed Pods Frameworks */,
			);
			buildRules = (
			);
			dependencies = (
			);
			name = SpaceXLaunches;
			productName = SpaceXLaunches;
			productReference = 54DBC9EC27439BA60026CC0E /* SpaceXLaunches.app */;
			productType = "com.apple.product-type.application";
		};
		54DBCA0127439BA90026CC0E /* SpaceXLaunchesTests */ = {
			isa = PBXNativeTarget;
			buildConfigurationList = 54DBCA1927439BA90026CC0E /* Build configuration list for PBXNativeTarget "SpaceXLaunchesTests" */;
			buildPhases = (
				BF313448A6F536C269EE32CF /* [CP] Check Pods Manifest.lock */,
				54DBC9FE27439BA90026CC0E /* Sources */,
				54DBC9FF27439BA90026CC0E /* Frameworks */,
				54DBCA0027439BA90026CC0E /* Resources */,
			);
			buildRules = (
			);
			dependencies = (
				54DBCA0427439BA90026CC0E /* PBXTargetDependency */,
			);
			name = SpaceXLaunchesTests;
			productName = SpaceXLaunchesTests;
			productReference = 54DBCA0227439BA90026CC0E /* SpaceXLaunchesTests.xctest */;
			productType = "com.apple.product-type.bundle.unit-test";
		};
		54DBCA0B27439BA90026CC0E /* SpaceXLaunchesUITests */ = {
			isa = PBXNativeTarget;
			buildConfigurationList = 54DBCA1C27439BA90026CC0E /* Build configuration list for PBXNativeTarget "SpaceXLaunchesUITests" */;
			buildPhases = (
				71A447B12DE3981ACCF50851 /* [CP] Check Pods Manifest.lock */,
				54DBCA0827439BA90026CC0E /* Sources */,
				54DBCA0927439BA90026CC0E /* Frameworks */,
				54DBCA0A27439BA90026CC0E /* Resources */,
				8344F5D812B8364AC6607901 /* [CP] Embed Pods Frameworks */,
			);
			buildRules = (
			);
			dependencies = (
				54DBCA0E27439BA90026CC0E /* PBXTargetDependency */,
			);
			name = SpaceXLaunchesUITests;
			productName = SpaceXLaunchesUITests;
			productReference = 54DBCA0C27439BA90026CC0E /* SpaceXLaunchesUITests.xctest */;
			productType = "com.apple.product-type.bundle.ui-testing";
		};
/* End PBXNativeTarget section */

/* Begin PBXProject section */
		54DBC9E427439BA50026CC0E /* Project object */ = {
			isa = PBXProject;
			attributes = {
				BuildIndependentTargetsInParallel = 1;
				LastSwiftUpdateCheck = 1300;
				LastUpgradeCheck = 1300;
				TargetAttributes = {
					54DBC9EB27439BA50026CC0E = {
						CreatedOnToolsVersion = 13.0;
					};
					54DBCA0127439BA90026CC0E = {
						CreatedOnToolsVersion = 13.0;
						TestTargetID = 54DBC9EB27439BA50026CC0E;
					};
					54DBCA0B27439BA90026CC0E = {
						CreatedOnToolsVersion = 13.0;
						TestTargetID = 54DBC9EB27439BA50026CC0E;
					};
				};
			};
			buildConfigurationList = 54DBC9E727439BA50026CC0E /* Build configuration list for PBXProject "SpaceXLaunches" */;
			compatibilityVersion = "Xcode 13.0";
			developmentRegion = en;
			hasScannedForEncodings = 0;
			knownRegions = (
				en,
				Base,
			);
			mainGroup = 54DBC9E327439BA50026CC0E;
			productRefGroup = 54DBC9ED27439BA60026CC0E /* Products */;
			projectDirPath = "";
			projectRoot = "";
			targets = (
				54DBC9EB27439BA50026CC0E /* SpaceXLaunches */,
				54DBCA0127439BA90026CC0E /* SpaceXLaunchesTests */,
				54DBCA0B27439BA90026CC0E /* SpaceXLaunchesUITests */,
			);
		};
/* End PBXProject section */

/* Begin PBXResourcesBuildPhase section */
		54DBC9EA27439BA50026CC0E /* Resources */ = {
			isa = PBXResourcesBuildPhase;
			buildActionMask = 2147483647;
			files = (
				54DBC9FC27439BA80026CC0E /* LaunchScreen.storyboard in Resources */,
				54DBC9F927439BA80026CC0E /* Assets.xcassets in Resources */,
				54DBCA45274439AD0026CC0E /* LaunchesListVC.storyboard in Resources */,
				54F616D92746278900EEDD93 /* LaunchDetailsVC.storyboard in Resources */,
				54DBC9F727439BA60026CC0E /* Main.storyboard in Resources */,
			);
			runOnlyForDeploymentPostprocessing = 0;
		};
		54DBCA0027439BA90026CC0E /* Resources */ = {
			isa = PBXResourcesBuildPhase;
			buildActionMask = 2147483647;
			files = (
			);
			runOnlyForDeploymentPostprocessing = 0;
		};
		54DBCA0A27439BA90026CC0E /* Resources */ = {
			isa = PBXResourcesBuildPhase;
			buildActionMask = 2147483647;
			files = (
			);
			runOnlyForDeploymentPostprocessing = 0;
		};
/* End PBXResourcesBuildPhase section */

/* Begin PBXShellScriptBuildPhase section */
		066B788C916817E7952BC2CB /* [CP] Check Pods Manifest.lock */ = {
			isa = PBXShellScriptBuildPhase;
			buildActionMask = 2147483647;
			files = (
			);
			inputFileListPaths = (
			);
			inputPaths = (
				"${PODS_PODFILE_DIR_PATH}/Podfile.lock",
				"${PODS_ROOT}/Manifest.lock",
			);
			name = "[CP] Check Pods Manifest.lock";
			outputFileListPaths = (
			);
			outputPaths = (
				"$(DERIVED_FILE_DIR)/Pods-SpaceXLaunches-checkManifestLockResult.txt",
			);
			runOnlyForDeploymentPostprocessing = 0;
			shellPath = /bin/sh;
			shellScript = "diff \"${PODS_PODFILE_DIR_PATH}/Podfile.lock\" \"${PODS_ROOT}/Manifest.lock\" > /dev/null\nif [ $? != 0 ] ; then\n    # print error to STDERR\n    echo \"error: The sandbox is not in sync with the Podfile.lock. Run 'pod install' or update your CocoaPods installation.\" >&2\n    exit 1\nfi\n# This output is used by Xcode 'outputs' to avoid re-running this script phase.\necho \"SUCCESS\" > \"${SCRIPT_OUTPUT_FILE_0}\"\n";
			showEnvVarsInLog = 0;
		};
		71A447B12DE3981ACCF50851 /* [CP] Check Pods Manifest.lock */ = {
			isa = PBXShellScriptBuildPhase;
			buildActionMask = 2147483647;
			files = (
			);
			inputFileListPaths = (
			);
			inputPaths = (
				"${PODS_PODFILE_DIR_PATH}/Podfile.lock",
				"${PODS_ROOT}/Manifest.lock",
			);
			name = "[CP] Check Pods Manifest.lock";
			outputFileListPaths = (
			);
			outputPaths = (
				"$(DERIVED_FILE_DIR)/Pods-SpaceXLaunches-SpaceXLaunchesUITests-checkManifestLockResult.txt",
			);
			runOnlyForDeploymentPostprocessing = 0;
			shellPath = /bin/sh;
			shellScript = "diff \"${PODS_PODFILE_DIR_PATH}/Podfile.lock\" \"${PODS_ROOT}/Manifest.lock\" > /dev/null\nif [ $? != 0 ] ; then\n    # print error to STDERR\n    echo \"error: The sandbox is not in sync with the Podfile.lock. Run 'pod install' or update your CocoaPods installation.\" >&2\n    exit 1\nfi\n# This output is used by Xcode 'outputs' to avoid re-running this script phase.\necho \"SUCCESS\" > \"${SCRIPT_OUTPUT_FILE_0}\"\n";
			showEnvVarsInLog = 0;
		};
		8344F5D812B8364AC6607901 /* [CP] Embed Pods Frameworks */ = {
			isa = PBXShellScriptBuildPhase;
			buildActionMask = 2147483647;
			files = (
			);
			inputFileListPaths = (
				"${PODS_ROOT}/Target Support Files/Pods-SpaceXLaunches-SpaceXLaunchesUITests/Pods-SpaceXLaunches-SpaceXLaunchesUITests-frameworks-${CONFIGURATION}-input-files.xcfilelist",
			);
			name = "[CP] Embed Pods Frameworks";
			outputFileListPaths = (
				"${PODS_ROOT}/Target Support Files/Pods-SpaceXLaunches-SpaceXLaunchesUITests/Pods-SpaceXLaunches-SpaceXLaunchesUITests-frameworks-${CONFIGURATION}-output-files.xcfilelist",
			);
			runOnlyForDeploymentPostprocessing = 0;
			shellPath = /bin/sh;
			shellScript = "\"${PODS_ROOT}/Target Support Files/Pods-SpaceXLaunches-SpaceXLaunchesUITests/Pods-SpaceXLaunches-SpaceXLaunchesUITests-frameworks.sh\"\n";
			showEnvVarsInLog = 0;
		};
		87E80C658ECC941948BD15C3 /* [CP] Embed Pods Frameworks */ = {
			isa = PBXShellScriptBuildPhase;
			buildActionMask = 2147483647;
			files = (
			);
			inputFileListPaths = (
				"${PODS_ROOT}/Target Support Files/Pods-SpaceXLaunches/Pods-SpaceXLaunches-frameworks-${CONFIGURATION}-input-files.xcfilelist",
			);
			name = "[CP] Embed Pods Frameworks";
			outputFileListPaths = (
				"${PODS_ROOT}/Target Support Files/Pods-SpaceXLaunches/Pods-SpaceXLaunches-frameworks-${CONFIGURATION}-output-files.xcfilelist",
			);
			runOnlyForDeploymentPostprocessing = 0;
			shellPath = /bin/sh;
			shellScript = "\"${PODS_ROOT}/Target Support Files/Pods-SpaceXLaunches/Pods-SpaceXLaunches-frameworks.sh\"\n";
			showEnvVarsInLog = 0;
		};
		BF313448A6F536C269EE32CF /* [CP] Check Pods Manifest.lock */ = {
			isa = PBXShellScriptBuildPhase;
			buildActionMask = 2147483647;
			files = (
			);
			inputFileListPaths = (
			);
			inputPaths = (
				"${PODS_PODFILE_DIR_PATH}/Podfile.lock",
				"${PODS_ROOT}/Manifest.lock",
			);
			name = "[CP] Check Pods Manifest.lock";
			outputFileListPaths = (
			);
			outputPaths = (
				"$(DERIVED_FILE_DIR)/Pods-SpaceXLaunchesTests-checkManifestLockResult.txt",
			);
			runOnlyForDeploymentPostprocessing = 0;
			shellPath = /bin/sh;
			shellScript = "diff \"${PODS_PODFILE_DIR_PATH}/Podfile.lock\" \"${PODS_ROOT}/Manifest.lock\" > /dev/null\nif [ $? != 0 ] ; then\n    # print error to STDERR\n    echo \"error: The sandbox is not in sync with the Podfile.lock. Run 'pod install' or update your CocoaPods installation.\" >&2\n    exit 1\nfi\n# This output is used by Xcode 'outputs' to avoid re-running this script phase.\necho \"SUCCESS\" > \"${SCRIPT_OUTPUT_FILE_0}\"\n";
			showEnvVarsInLog = 0;
		};
/* End PBXShellScriptBuildPhase section */

/* Begin PBXSourcesBuildPhase section */
		54DBC9E827439BA50026CC0E /* Sources */ = {
			isa = PBXSourcesBuildPhase;
			buildActionMask = 2147483647;
			files = (
				54F616D1274623DB00EEDD93 /* AppDIContainer.swift in Sources */,
				54DBCA44274439AD0026CC0E /* LaunchesListViewModel.swift in Sources */,
				5432C7212748D2990062856C /* MockGetLaunchServiceResponse.swift in Sources */,
				54DBCA43274439AD0026CC0E /* LaunchesListVC.swift in Sources */,
				54A9CCED2747A40200A3B65B /* LaunchViewModel.swift in Sources */,
				54DBC9F427439BA60026CC0E /* ViewController.swift in Sources */,
				54DBCA872744F2B20026CC0E /* GetLaunchesService.swift in Sources */,
				54F616CF2746234500EEDD93 /* LaunchesSceneFlowCoordinator.swift in Sources */,
				5432C7232748D3270062856C /* MockGetRocketServiceRespone.swift in Sources */,
				54F4DEF32746C22500919F7C /* GetRocketService.swift in Sources */,
				5432C7262748D3C90062856C /* Launch.swift in Sources */,
				54F616DE2746366900EEDD93 /* RocketViewModel.swift in Sources */,
				54DBCA3C27439D200026CC0E /* StoryboardInstantiable.swift in Sources */,
				54DBC9F027439BA60026CC0E /* AppDelegate.swift in Sources */,
				54F616E02746378100EEDD93 /* Rocket.swift in Sources */,
				54DBCA882744F2B20026CC0E /* Endpoint.swift in Sources */,
				54DBCA3B27439D200026CC0E /* Alertable.swift in Sources */,
				54F616D82746278900EEDD93 /* LaunchDetailsVC.swift in Sources */,
				54DBC9F227439BA60026CC0E /* SceneDelegate.swift in Sources */,
				54F616CB27461E8700EEDD93 /* AppFlowCoordinator.swift in Sources */,
				54F616CD2746232600EEDD93 /* LaunchesSceneDIContainer.swift in Sources */,
				5432C71E274849C70062856C /* GetImageService.swift in Sources */,
				54F616D72746278900EEDD93 /* LaunchDetailsViewModel.swift in Sources */,
				54DBCA4727443E4C0026CC0E /* LaunchTableViewCell.swift in Sources */,
			);
			runOnlyForDeploymentPostprocessing = 0;
		};
		54DBC9FE27439BA90026CC0E /* Sources */ = {
			isa = PBXSourcesBuildPhase;
			buildActionMask = 2147483647;
			files = (
				54DBCA0727439BA90026CC0E /* SpaceXLaunchesTests.swift in Sources */,
			);
			runOnlyForDeploymentPostprocessing = 0;
		};
		54DBCA0827439BA90026CC0E /* Sources */ = {
			isa = PBXSourcesBuildPhase;
			buildActionMask = 2147483647;
			files = (
				54DBCA1127439BA90026CC0E /* SpaceXLaunchesUITests.swift in Sources */,
				54DBCA1327439BA90026CC0E /* SpaceXLaunchesUITestsLaunchTests.swift in Sources */,
			);
			runOnlyForDeploymentPostprocessing = 0;
		};
/* End PBXSourcesBuildPhase section */

/* Begin PBXTargetDependency section */
		54DBCA0427439BA90026CC0E /* PBXTargetDependency */ = {
			isa = PBXTargetDependency;
			target = 54DBC9EB27439BA50026CC0E /* SpaceXLaunches */;
			targetProxy = 54DBCA0327439BA90026CC0E /* PBXContainerItemProxy */;
		};
		54DBCA0E27439BA90026CC0E /* PBXTargetDependency */ = {
			isa = PBXTargetDependency;
			target = 54DBC9EB27439BA50026CC0E /* SpaceXLaunches */;
			targetProxy = 54DBCA0D27439BA90026CC0E /* PBXContainerItemProxy */;
		};
/* End PBXTargetDependency section */

/* Begin PBXVariantGroup section */
		54DBC9F527439BA60026CC0E /* Main.storyboard */ = {
			isa = PBXVariantGroup;
			children = (
				54DBC9F627439BA60026CC0E /* Base */,
			);
			name = Main.storyboard;
			sourceTree = "<group>";
		};
		54DBC9FA27439BA80026CC0E /* LaunchScreen.storyboard */ = {
			isa = PBXVariantGroup;
			children = (
				54DBC9FB27439BA80026CC0E /* Base */,
			);
			name = LaunchScreen.storyboard;
			sourceTree = "<group>";
		};
/* End PBXVariantGroup section */

/* Begin XCBuildConfiguration section */
		54DBCA1427439BA90026CC0E /* Debug */ = {
			isa = XCBuildConfiguration;
			buildSettings = {
				ALWAYS_SEARCH_USER_PATHS = NO;
				CLANG_ANALYZER_NONNULL = YES;
				CLANG_ANALYZER_NUMBER_OBJECT_CONVERSION = YES_AGGRESSIVE;
				CLANG_CXX_LANGUAGE_STANDARD = "gnu++17";
				CLANG_CXX_LIBRARY = "libc++";
				CLANG_ENABLE_MODULES = YES;
				CLANG_ENABLE_OBJC_ARC = YES;
				CLANG_ENABLE_OBJC_WEAK = YES;
				CLANG_WARN_BLOCK_CAPTURE_AUTORELEASING = YES;
				CLANG_WARN_BOOL_CONVERSION = YES;
				CLANG_WARN_COMMA = YES;
				CLANG_WARN_CONSTANT_CONVERSION = YES;
				CLANG_WARN_DEPRECATED_OBJC_IMPLEMENTATIONS = YES;
				CLANG_WARN_DIRECT_OBJC_ISA_USAGE = YES_ERROR;
				CLANG_WARN_DOCUMENTATION_COMMENTS = YES;
				CLANG_WARN_EMPTY_BODY = YES;
				CLANG_WARN_ENUM_CONVERSION = YES;
				CLANG_WARN_INFINITE_RECURSION = YES;
				CLANG_WARN_INT_CONVERSION = YES;
				CLANG_WARN_NON_LITERAL_NULL_CONVERSION = YES;
				CLANG_WARN_OBJC_IMPLICIT_RETAIN_SELF = YES;
				CLANG_WARN_OBJC_LITERAL_CONVERSION = YES;
				CLANG_WARN_OBJC_ROOT_CLASS = YES_ERROR;
				CLANG_WARN_QUOTED_INCLUDE_IN_FRAMEWORK_HEADER = YES;
				CLANG_WARN_RANGE_LOOP_ANALYSIS = YES;
				CLANG_WARN_STRICT_PROTOTYPES = YES;
				CLANG_WARN_SUSPICIOUS_MOVE = YES;
				CLANG_WARN_UNGUARDED_AVAILABILITY = YES_AGGRESSIVE;
				CLANG_WARN_UNREACHABLE_CODE = YES;
				CLANG_WARN__DUPLICATE_METHOD_MATCH = YES;
				COPY_PHASE_STRIP = NO;
				DEBUG_INFORMATION_FORMAT = dwarf;
				ENABLE_STRICT_OBJC_MSGSEND = YES;
				ENABLE_TESTABILITY = YES;
				GCC_C_LANGUAGE_STANDARD = gnu11;
				GCC_DYNAMIC_NO_PIC = NO;
				GCC_NO_COMMON_BLOCKS = YES;
				GCC_OPTIMIZATION_LEVEL = 0;
				GCC_PREPROCESSOR_DEFINITIONS = (
					"DEBUG=1",
					"$(inherited)",
				);
				GCC_WARN_64_TO_32_BIT_CONVERSION = YES;
				GCC_WARN_ABOUT_RETURN_TYPE = YES_ERROR;
				GCC_WARN_UNDECLARED_SELECTOR = YES;
				GCC_WARN_UNINITIALIZED_AUTOS = YES_AGGRESSIVE;
				GCC_WARN_UNUSED_FUNCTION = YES;
				GCC_WARN_UNUSED_VARIABLE = YES;
				IPHONEOS_DEPLOYMENT_TARGET = 15.0;
				MTL_ENABLE_DEBUG_INFO = INCLUDE_SOURCE;
				MTL_FAST_MATH = YES;
				ONLY_ACTIVE_ARCH = YES;
				SDKROOT = iphoneos;
				SWIFT_ACTIVE_COMPILATION_CONDITIONS = DEBUG;
				SWIFT_OPTIMIZATION_LEVEL = "-Onone";
			};
			name = Debug;
		};
		54DBCA1527439BA90026CC0E /* Release */ = {
			isa = XCBuildConfiguration;
			buildSettings = {
				ALWAYS_SEARCH_USER_PATHS = NO;
				CLANG_ANALYZER_NONNULL = YES;
				CLANG_ANALYZER_NUMBER_OBJECT_CONVERSION = YES_AGGRESSIVE;
				CLANG_CXX_LANGUAGE_STANDARD = "gnu++17";
				CLANG_CXX_LIBRARY = "libc++";
				CLANG_ENABLE_MODULES = YES;
				CLANG_ENABLE_OBJC_ARC = YES;
				CLANG_ENABLE_OBJC_WEAK = YES;
				CLANG_WARN_BLOCK_CAPTURE_AUTORELEASING = YES;
				CLANG_WARN_BOOL_CONVERSION = YES;
				CLANG_WARN_COMMA = YES;
				CLANG_WARN_CONSTANT_CONVERSION = YES;
				CLANG_WARN_DEPRECATED_OBJC_IMPLEMENTATIONS = YES;
				CLANG_WARN_DIRECT_OBJC_ISA_USAGE = YES_ERROR;
				CLANG_WARN_DOCUMENTATION_COMMENTS = YES;
				CLANG_WARN_EMPTY_BODY = YES;
				CLANG_WARN_ENUM_CONVERSION = YES;
				CLANG_WARN_INFINITE_RECURSION = YES;
				CLANG_WARN_INT_CONVERSION = YES;
				CLANG_WARN_NON_LITERAL_NULL_CONVERSION = YES;
				CLANG_WARN_OBJC_IMPLICIT_RETAIN_SELF = YES;
				CLANG_WARN_OBJC_LITERAL_CONVERSION = YES;
				CLANG_WARN_OBJC_ROOT_CLASS = YES_ERROR;
				CLANG_WARN_QUOTED_INCLUDE_IN_FRAMEWORK_HEADER = YES;
				CLANG_WARN_RANGE_LOOP_ANALYSIS = YES;
				CLANG_WARN_STRICT_PROTOTYPES = YES;
				CLANG_WARN_SUSPICIOUS_MOVE = YES;
				CLANG_WARN_UNGUARDED_AVAILABILITY = YES_AGGRESSIVE;
				CLANG_WARN_UNREACHABLE_CODE = YES;
				CLANG_WARN__DUPLICATE_METHOD_MATCH = YES;
				COPY_PHASE_STRIP = NO;
				DEBUG_INFORMATION_FORMAT = "dwarf-with-dsym";
				ENABLE_NS_ASSERTIONS = NO;
				ENABLE_STRICT_OBJC_MSGSEND = YES;
				GCC_C_LANGUAGE_STANDARD = gnu11;
				GCC_NO_COMMON_BLOCKS = YES;
				GCC_WARN_64_TO_32_BIT_CONVERSION = YES;
				GCC_WARN_ABOUT_RETURN_TYPE = YES_ERROR;
				GCC_WARN_UNDECLARED_SELECTOR = YES;
				GCC_WARN_UNINITIALIZED_AUTOS = YES_AGGRESSIVE;
				GCC_WARN_UNUSED_FUNCTION = YES;
				GCC_WARN_UNUSED_VARIABLE = YES;
				IPHONEOS_DEPLOYMENT_TARGET = 15.0;
				MTL_ENABLE_DEBUG_INFO = NO;
				MTL_FAST_MATH = YES;
				SDKROOT = iphoneos;
				SWIFT_COMPILATION_MODE = wholemodule;
				SWIFT_OPTIMIZATION_LEVEL = "-O";
				VALIDATE_PRODUCT = YES;
			};
			name = Release;
		};
		54DBCA1727439BA90026CC0E /* Debug */ = {
			isa = XCBuildConfiguration;
			baseConfigurationReference = C9AD8C2BD4B1D9C39DDBB58A /* Pods-SpaceXLaunches.debug.xcconfig */;
			buildSettings = {
				ASSETCATALOG_COMPILER_APPICON_NAME = AppIcon;
				ASSETCATALOG_COMPILER_GLOBAL_ACCENT_COLOR_NAME = AccentColor;
				CODE_SIGN_STYLE = Automatic;
				CURRENT_PROJECT_VERSION = 1;
				DEVELOPMENT_TEAM = JSZ9BPQ2F4;
				GENERATE_INFOPLIST_FILE = YES;
				INFOPLIST_FILE = SpaceXLaunches/Info.plist;
				INFOPLIST_KEY_UIApplicationSupportsIndirectInputEvents = YES;
				INFOPLIST_KEY_UILaunchStoryboardName = LaunchScreen;
				INFOPLIST_KEY_UIMainStoryboardFile = Main;
				INFOPLIST_KEY_UISupportedInterfaceOrientations_iPad = "UIInterfaceOrientationPortrait UIInterfaceOrientationPortraitUpsideDown UIInterfaceOrientationLandscapeLeft UIInterfaceOrientationLandscapeRight";
				INFOPLIST_KEY_UISupportedInterfaceOrientations_iPhone = "UIInterfaceOrientationPortrait UIInterfaceOrientationLandscapeLeft UIInterfaceOrientationLandscapeRight";
				IPHONEOS_DEPLOYMENT_TARGET = 13.0;
				LD_RUNPATH_SEARCH_PATHS = (
					"$(inherited)",
					"@executable_path/Frameworks",
				);
				MARKETING_VERSION = 1.0;
				PRODUCT_BUNDLE_IDENTIFIER = MA.com.SpaceXLaunches;
				PRODUCT_NAME = "$(TARGET_NAME)";
				SWIFT_EMIT_LOC_STRINGS = YES;
				SWIFT_VERSION = 5.0;
				TARGETED_DEVICE_FAMILY = "1,2";
			};
			name = Debug;
		};
		54DBCA1827439BA90026CC0E /* Release */ = {
			isa = XCBuildConfiguration;
			baseConfigurationReference = 9B4C7FA05570627DE3E9A924 /* Pods-SpaceXLaunches.release.xcconfig */;
			buildSettings = {
				ASSETCATALOG_COMPILER_APPICON_NAME = AppIcon;
				ASSETCATALOG_COMPILER_GLOBAL_ACCENT_COLOR_NAME = AccentColor;
				CODE_SIGN_STYLE = Automatic;
				CURRENT_PROJECT_VERSION = 1;
				DEVELOPMENT_TEAM = JSZ9BPQ2F4;
				GENERATE_INFOPLIST_FILE = YES;
				INFOPLIST_FILE = SpaceXLaunches/Info.plist;
				INFOPLIST_KEY_UIApplicationSupportsIndirectInputEvents = YES;
				INFOPLIST_KEY_UILaunchStoryboardName = LaunchScreen;
				INFOPLIST_KEY_UIMainStoryboardFile = Main;
				INFOPLIST_KEY_UISupportedInterfaceOrientations_iPad = "UIInterfaceOrientationPortrait UIInterfaceOrientationPortraitUpsideDown UIInterfaceOrientationLandscapeLeft UIInterfaceOrientationLandscapeRight";
				INFOPLIST_KEY_UISupportedInterfaceOrientations_iPhone = "UIInterfaceOrientationPortrait UIInterfaceOrientationLandscapeLeft UIInterfaceOrientationLandscapeRight";
				IPHONEOS_DEPLOYMENT_TARGET = 13.0;
				LD_RUNPATH_SEARCH_PATHS = (
					"$(inherited)",
					"@executable_path/Frameworks",
				);
				MARKETING_VERSION = 1.0;
				PRODUCT_BUNDLE_IDENTIFIER = MA.com.SpaceXLaunches;
				PRODUCT_NAME = "$(TARGET_NAME)";
				SWIFT_EMIT_LOC_STRINGS = YES;
				SWIFT_VERSION = 5.0;
				TARGETED_DEVICE_FAMILY = "1,2";
			};
			name = Release;
		};
		54DBCA1A27439BA90026CC0E /* Debug */ = {
			isa = XCBuildConfiguration;
			baseConfigurationReference = 96C4F7CD8001DFE037B28BE1 /* Pods-SpaceXLaunchesTests.debug.xcconfig */;
			buildSettings = {
				ALWAYS_EMBED_SWIFT_STANDARD_LIBRARIES = YES;
				BUNDLE_LOADER = "$(TEST_HOST)";
				CODE_SIGN_STYLE = Automatic;
				CURRENT_PROJECT_VERSION = 1;
				DEVELOPMENT_TEAM = JSZ9BPQ2F4;
				GENERATE_INFOPLIST_FILE = YES;
				IPHONEOS_DEPLOYMENT_TARGET = 15.0;
				LD_RUNPATH_SEARCH_PATHS = (
					"$(inherited)",
					"@executable_path/Frameworks",
					"@loader_path/Frameworks",
				);
				MARKETING_VERSION = 1.0;
				PRODUCT_BUNDLE_IDENTIFIER = MA.com.SpaceXLaunchesTests;
				PRODUCT_NAME = "$(TARGET_NAME)";
				SWIFT_EMIT_LOC_STRINGS = NO;
				SWIFT_VERSION = 5.0;
				TARGETED_DEVICE_FAMILY = "1,2";
				TEST_HOST = "$(BUILT_PRODUCTS_DIR)/SpaceXLaunches.app/SpaceXLaunches";
			};
			name = Debug;
		};
		54DBCA1B27439BA90026CC0E /* Release */ = {
			isa = XCBuildConfiguration;
			baseConfigurationReference = 801631F562A875ABB67D93B9 /* Pods-SpaceXLaunchesTests.release.xcconfig */;
			buildSettings = {
				ALWAYS_EMBED_SWIFT_STANDARD_LIBRARIES = YES;
				BUNDLE_LOADER = "$(TEST_HOST)";
				CODE_SIGN_STYLE = Automatic;
				CURRENT_PROJECT_VERSION = 1;
				DEVELOPMENT_TEAM = JSZ9BPQ2F4;
				GENERATE_INFOPLIST_FILE = YES;
				IPHONEOS_DEPLOYMENT_TARGET = 15.0;
				LD_RUNPATH_SEARCH_PATHS = (
					"$(inherited)",
					"@executable_path/Frameworks",
					"@loader_path/Frameworks",
				);
				MARKETING_VERSION = 1.0;
				PRODUCT_BUNDLE_IDENTIFIER = MA.com.SpaceXLaunchesTests;
				PRODUCT_NAME = "$(TARGET_NAME)";
				SWIFT_EMIT_LOC_STRINGS = NO;
				SWIFT_VERSION = 5.0;
				TARGETED_DEVICE_FAMILY = "1,2";
				TEST_HOST = "$(BUILT_PRODUCTS_DIR)/SpaceXLaunches.app/SpaceXLaunches";
			};
			name = Release;
		};
		54DBCA1D27439BA90026CC0E /* Debug */ = {
			isa = XCBuildConfiguration;
			baseConfigurationReference = 3EAC10301D004BF061F8634B /* Pods-SpaceXLaunches-SpaceXLaunchesUITests.debug.xcconfig */;
			buildSettings = {
				ALWAYS_EMBED_SWIFT_STANDARD_LIBRARIES = YES;
				CODE_SIGN_STYLE = Automatic;
				CURRENT_PROJECT_VERSION = 1;
				DEVELOPMENT_TEAM = JSZ9BPQ2F4;
				GENERATE_INFOPLIST_FILE = YES;
				LD_RUNPATH_SEARCH_PATHS = (
					"$(inherited)",
					"@executable_path/Frameworks",
					"@loader_path/Frameworks",
				);
				MARKETING_VERSION = 1.0;
				PRODUCT_BUNDLE_IDENTIFIER = MA.com.SpaceXLaunchesUITests;
				PRODUCT_NAME = "$(TARGET_NAME)";
				SWIFT_EMIT_LOC_STRINGS = NO;
				SWIFT_VERSION = 5.0;
				TARGETED_DEVICE_FAMILY = "1,2";
				TEST_TARGET_NAME = SpaceXLaunches;
			};
			name = Debug;
		};
		54DBCA1E27439BA90026CC0E /* Release */ = {
			isa = XCBuildConfiguration;
			baseConfigurationReference = 228F79D33072BDEF3DF8E75F /* Pods-SpaceXLaunches-SpaceXLaunchesUITests.release.xcconfig */;
			buildSettings = {
				ALWAYS_EMBED_SWIFT_STANDARD_LIBRARIES = YES;
				CODE_SIGN_STYLE = Automatic;
				CURRENT_PROJECT_VERSION = 1;
				DEVELOPMENT_TEAM = JSZ9BPQ2F4;
				GENERATE_INFOPLIST_FILE = YES;
				LD_RUNPATH_SEARCH_PATHS = (
					"$(inherited)",
					"@executable_path/Frameworks",
					"@loader_path/Frameworks",
				);
				MARKETING_VERSION = 1.0;
				PRODUCT_BUNDLE_IDENTIFIER = MA.com.SpaceXLaunchesUITests;
				PRODUCT_NAME = "$(TARGET_NAME)";
				SWIFT_EMIT_LOC_STRINGS = NO;
				SWIFT_VERSION = 5.0;
				TARGETED_DEVICE_FAMILY = "1,2";
				TEST_TARGET_NAME = SpaceXLaunches;
			};
			name = Release;
		};
/* End XCBuildConfiguration section */

/* Begin XCConfigurationList section */
		54DBC9E727439BA50026CC0E /* Build configuration list for PBXProject "SpaceXLaunches" */ = {
			isa = XCConfigurationList;
			buildConfigurations = (
				54DBCA1427439BA90026CC0E /* Debug */,
				54DBCA1527439BA90026CC0E /* Release */,
			);
			defaultConfigurationIsVisible = 0;
			defaultConfigurationName = Release;
		};
		54DBCA1627439BA90026CC0E /* Build configuration list for PBXNativeTarget "SpaceXLaunches" */ = {
			isa = XCConfigurationList;
			buildConfigurations = (
				54DBCA1727439BA90026CC0E /* Debug */,
				54DBCA1827439BA90026CC0E /* Release */,
			);
			defaultConfigurationIsVisible = 0;
			defaultConfigurationName = Release;
		};
		54DBCA1927439BA90026CC0E /* Build configuration list for PBXNativeTarget "SpaceXLaunchesTests" */ = {
			isa = XCConfigurationList;
			buildConfigurations = (
				54DBCA1A27439BA90026CC0E /* Debug */,
				54DBCA1B27439BA90026CC0E /* Release */,
			);
			defaultConfigurationIsVisible = 0;
			defaultConfigurationName = Release;
		};
		54DBCA1C27439BA90026CC0E /* Build configuration list for PBXNativeTarget "SpaceXLaunchesUITests" */ = {
			isa = XCConfigurationList;
			buildConfigurations = (
				54DBCA1D27439BA90026CC0E /* Debug */,
				54DBCA1E27439BA90026CC0E /* Release */,
			);
			defaultConfigurationIsVisible = 0;
			defaultConfigurationName = Release;
		};
/* End XCConfigurationList section */
	};
	rootObject = 54DBC9E427439BA50026CC0E /* Project object */;
}
